
Microsoft Visual Studio Solution File, Format Version 12.00
Project("{FAE04EC0-301F-11D3-BF4B-00C04F79EFBC}") = "a9832Speech1CS", "a9832Speech1CS\a9832Speech1CS.csproj", "{117A4395-0B30-499A-B4C5-D4FDC8DF5F2F}"
EndProject
Global
	GlobalSection(SolutionConfigurationPlatforms) = preSolution
		Debug|Any CPU = Debug|Any CPU
		Release|Any CPU = Release|Any CPU
	EndGlobalSection
	GlobalSection(ProjectConfigurationPlatforms) = postSolution
		{117A4395-0B30-499A-B4C5-D4FDC8DF5F2F}.Debug|Any CPU.ActiveCfg = Debug|Any CPU
		{117A4395-0B30-499A-B4C5-D4FDC8DF5F2F}.Debug|Any CPU.Build.0 = Debug|Any CPU
		{117A4395-0B30-499A-B4C5-D4FDC8DF5F2F}.Release|Any CPU.ActiveCfg = Release|Any CPU
		{117A4395-0B30-499A-B4C5-D4FDC8DF5F2F}.Release|Any CPU.Build.0 = Release|Any CPU
	EndGlobalSection
EndGlobal
